
Microsoft Visual Studio Solution File, Format Version 12.00
# Visual Studio Version 17
VisualStudioVersion = 17.13.35919.96 d17.13
MinimumVisualStudioVersion = 10.0.40219.1
Project("{FAE04EC0-301F-11D3-BF4B-00C04F79EFBC}") = "TP_REPARA", "TP_REPARA.csproj", "{E2B21839-4ED7-467F-AF05-B578535EB09A}"
EndProject
Global
	GlobalSection(SolutionConfigurationPlatforms) = preSolution
		Debug|Any CPU = Debug|Any CPU
		Release|Any CPU = Release|Any CPU
	EndGlobalSection
	GlobalSection(ProjectConfigurationPlatforms) = postSolution
		{E2B21839-4ED7-467F-AF05-B578535EB09A}.Debug|Any CPU.ActiveCfg = Debug|Any CPU
		{E2B21839-4ED7-467F-AF05-B578535EB09A}.Debug|Any CPU.Build.0 = Debug|Any CPU
		{E2B21839-4ED7-467F-AF05-B578535EB09A}.Release|Any CPU.ActiveCfg = Release|Any CPU
		{E2B21839-4ED7-467F-AF05-B578535EB09A}.Release|Any CPU.Build.0 = Release|Any CPU
	EndGlobalSection
	GlobalSection(SolutionProperties) = preSolution
		HideSolutionNode = FALSE
	EndGlobalSection
	GlobalSection(ExtensibilityGlobals) = postSolution
		SolutionGuid = {2C0E2058-2589-47F4-A43F-7BDE55B81E50}
	EndGlobalSection
EndGlobal
